// !$*UTF8*$!
{
	archiveVersion = 1;
	classes = {
	};
	objectVersion = 48;
	objects = {

/* Begin PBXBuildFile section */
		A543E2CA20644B2E003B0EE3 /* AppDelegate.swift in Sources */ = {isa = PBXBuildFile; fileRef = A543E2C920644B2E003B0EE3 /* AppDelegate.swift */; };
		A543E2CC20644B2E003B0EE3 /* ViewController.swift in Sources */ = {isa = PBXBuildFile; fileRef = A543E2CB20644B2E003B0EE3 /* ViewController.swift */; };
		A543E2CF20644B2E003B0EE3 /* Main.storyboard in Resources */ = {isa = PBXBuildFile; fileRef = A543E2CD20644B2E003B0EE3 /* Main.storyboard */; };
		A543E2D120644B2E003B0EE3 /* Assets.xcassets in Resources */ = {isa = PBXBuildFile; fileRef = A543E2D020644B2E003B0EE3 /* Assets.xcassets */; };
		A543E2D420644B2E003B0EE3 /* LaunchScreen.storyboard in Resources */ = {isa = PBXBuildFile; fileRef = A543E2D220644B2E003B0EE3 /* LaunchScreen.storyboard */; };
/* End PBXBuildFile section */

/* Begin PBXFileReference section */
		A543E2C620644B2E003B0EE3 /* rest_api_test.app */ = {isa = PBXFileReference; explicitFileType = wrapper.application; includeInIndex = 0; path = rest_api_test.app; sourceTree = BUILT_PRODUCTS_DIR; };
		A543E2C920644B2E003B0EE3 /* AppDelegate.swift */ = {isa = PBXFileReference; lastKnownFileType = sourcecode.swift; path = AppDelegate.swift; sourceTree = "<group>"; };
		A543E2CB20644B2E003B0EE3 /* ViewController.swift */ = {isa = PBXFileReference; lastKnownFileType = sourcecode.swift; path = ViewController.swift; sourceTree = "<group>"; };
		A543E2CE20644B2E003B0EE3 /* Base */ = {isa = PBXFileReference; lastKnownFileType = file.storyboard; name = Base; path = Base.lproj/Main.storyboard; sourceTree = "<group>"; };
		A543E2D020644B2E003B0EE3 /* Assets.xcassets */ = {isa = PBXFileReference; lastKnownFileType = folder.assetcatalog; path = Assets.xcassets; sourceTree = "<group>"; };
		A543E2D320644B2E003B0EE3 /* Base */ = {isa = PBXFileReference; lastKnownFileType = file.storyboard; name = Base; path = Base.lproj/LaunchScreen.storyboard; sourceTree = "<group>"; };
		A543E2D520644B2E003B0EE3 /* Info.plist */ = {isa = PBXFileReference; lastKnownFileType = text.plist.xml; path = Info.plist; sourceTree = "<group>"; };
/* End PBXFileReference section */

/* Begin PBXFrameworksBuildPhase section */
		A543E2C320644B2E003B0EE3 /* Frameworks */ = {
			isa = PBXFrameworksBuildPhase;
			buildActionMask = 2147483647;
			files = (
			);
			runOnlyForDeploymentPostprocessing = 0;
		};
/* End PBXFrameworksBuildPhase section */

/* Begin PBXGroup section */
		A543E2BD20644B2E003B0EE3 = {
			isa = PBXGroup;
			children = (
				A543E2C820644B2E003B0EE3 /* rest_api_test */,
				A543E2C720644B2E003B0EE3 /* Products */,
			);
			sourceTree = "<group>";
		};
		A543E2C720644B2E003B0EE3 /* Products */ = {
			isa = PBXGroup;
			children = (
				A543E2C620644B2E003B0EE3 /* rest_api_test.app */,
			);
			name = Products;
			sourceTree = "<group>";
		};
		A543E2C820644B2E003B0EE3 /* rest_api_test */ = {
			isa = PBXGroup;
			children = (
				A543E2C920644B2E003B0EE3 /* AppDelegate.swift */,
				A543E2CB20644B2E003B0EE3 /* ViewController.swift */,
				A543E2CD20644B2E003B0EE3 /* Main.storyboard */,
				A543E2D020644B2E003B0EE3 /* Assets.xcassets */,
				A543E2D220644B2E003B0EE3 /* LaunchScreen.storyboard */,
				A543E2D520644B2E003B0EE3 /* Info.plist */,
			);
			path = rest_api_test;
			sourceTree = "<group>";
		};
/* End PBXGroup section */

/* Begin PBXNativeTarget section */
		A543E2C520644B2E003B0EE3 /* rest_api_test */ = {
			isa = PBXNativeTarget;
			buildConfigurationList = A543E2D820644B2E003B0EE3 /* Build configuration list for PBXNativeTarget "rest_api_test" */;
			buildPhases = (
				A543E2C220644B2E003B0EE3 /* Sources */,
				A543E2C320644B2E003B0EE3 /* Frameworks */,
				A543E2C420644B2E003B0EE3 /* Resources */,
			);
			buildRules = (
			);
			dependencies = (
			);
			name = rest_api_test;
			productName = rest_api_test;
			productReference = A543E2C620644B2E003B0EE3 /* rest_api_test.app */;
			productType = "com.apple.product-type.application";
		};
/* End PBXNativeTarget section */

/* Begin PBXProject section */
		A543E2BE20644B2E003B0EE3 /* Project object */ = {
			isa = PBXProject;
			attributes = {
				LastSwiftUpdateCheck = 0920;
				LastUpgradeCheck = 0920;
				ORGANIZATIONNAME = test;
				TargetAttributes = {
					A543E2C520644B2E003B0EE3 = {
						CreatedOnToolsVersion = 9.2;
						ProvisioningStyle = Automatic;
					};
				};
			};
			buildConfigurationList = A543E2C120644B2E003B0EE3 /* Build configuration list for PBXProject "rest_api_test" */;
			compatibilityVersion = "Xcode 8.0";
			developmentRegion = en;
			hasScannedForEncodings = 0;
			knownRegions = (
				en,
				Base,
			);
			mainGroup = A543E2BD20644B2E003B0EE3;
			productRefGroup = A543E2C720644B2E003B0EE3 /* Products */;
			projectDirPath = "";
			projectRoot = "";
			targets = (
				A543E2C520644B2E003B0EE3 /* rest_api_test */,
			);
		};
/* End PBXProject section */

/* Begin PBXResourcesBuildPhase section */
		A543E2C420644B2E003B0EE3 /* Resources */ = {
			isa = PBXResourcesBuildPhase;
			buildActionMask = 2147483647;
			files = (
				A543E2D420644B2E003B0EE3 /* LaunchScreen.storyboard in Resources */,
				A543E2D120644B2E003B0EE3 /* Assets.xcassets in Resources */,
				A543E2CF20644B2E003B0EE3 /* Main.storyboard in Resources */,
			);
			runOnlyForDeploymentPostprocessing = 0;
		};
/* End PBXResourcesBuildPhase section */

/* Begin PBXSourcesBuildPhase section */
		A543E2C220644B2E003B0EE3 /* Sources */ = {
			isa = PBXSourcesBuildPhase;
			buildActionMask = 2147483647;
			files = (
				A543E2CC20644B2E003B0EE3 /* ViewController.swift in Sources */,
				A543E2CA20644B2E003B0EE3 /* AppDelegate.swift in Sources */,
			);
			runOnlyForDeploymentPostprocessing = 0;
		};
/* End PBXSourcesBuildPhase section */

/* Begin PBXVariantGroup section */
		A543E2CD20644B2E003B0EE3 /* Main.storyboard */ = {
			isa = PBXVariantGroup;
			children = (
				A543E2CE20644B2E003B0EE3 /* Base */,
			);
			name = Main.storyboard;
			sourceTree = "<group>";
		};
		A543E2D220644B2E003B0EE3 /* LaunchScreen.storyboard */ = {
			isa = PBXVariantGroup;
			children = (
				A543E2D320644B2E003B0EE3 /* Base */,
			);
			name = LaunchScreen.storyboard;
			sourceTree = "<group>";
		};
/* End PBXVariantGroup section */

/* Begin XCBuildConfiguration section */
		A543E2D620644B2E003B0EE3 /* Debug */ = {
			isa = XCBuildConfiguration;
			buildSettings = {
				ALWAYS_SEARCH_USER_PATHS = NO;
				CLANG_ANALYZER_NONNULL = YES;
				CLANG_ANALYZER_NUMBER_OBJECT_CONVERSION = YES_AGGRESSIVE;
				CLANG_CXX_LANGUAGE_STANDARD = "gnu++14";
				CLANG_CXX_LIBRARY = "libc++";
				CLANG_ENABLE_MODULES = YES;
				CLANG_ENABLE_OBJC_ARC = YES;
				CLANG_WARN_BLOCK_CAPTURE_AUTORELEASING = YES;
				CLANG_WARN_BOOL_CONVERSION = YES;
				CLANG_WARN_COMMA = YES;
				CLANG_WARN_CONSTANT_CONVERSION = YES;
				CLANG_WARN_DIRECT_OBJC_ISA_USAGE = YES_ERROR;
				CLANG_WARN_DOCUMENTATION_COMMENTS = YES;
				CLANG_WARN_EMPTY_BODY = YES;
				CLANG_WARN_ENUM_CONVERSION = YES;
				CLANG_WARN_INFINITE_RECURSION = YES;
				CLANG_WARN_INT_CONVERSION = YES;
				CLANG_WARN_NON_LITERAL_NULL_CONVERSION = YES;
				CLANG_WARN_OBJC_LITERAL_CONVERSION = YES;
				CLANG_WARN_OBJC_ROOT_CLASS = YES_ERROR;
				CLANG_WARN_RANGE_LOOP_ANALYSIS = YES;
				CLANG_WARN_STRICT_PROTOTYPES = YES;
				CLANG_WARN_SUSPICIOUS_MOVE = YES;
				CLANG_WARN_UNGUARDED_AVAILABILITY = YES_AGGRESSIVE;
				CLANG_WARN_UNREACHABLE_CODE = YES;
				CLANG_WARN__DUPLICATE_METHOD_MATCH = YES;
				CODE_SIGN_IDENTITY = "iPhone Developer";
				COPY_PHASE_STRIP = NO;
				DEBUG_INFORMATION_FORMAT = dwarf;
				ENABLE_STRICT_OBJC_MSGSEND = YES;
				ENABLE_TESTABILITY = YES;
				GCC_C_LANGUAGE_STANDARD = gnu11;
				GCC_DYNAMIC_NO_PIC = NO;
				GCC_NO_COMMON_BLOCKS = YES;
				GCC_OPTIMIZATION_LEVEL = 0;
				GCC_PREPROCESSOR_DEFINITIONS = (
					"DEBUG=1",
					"$(inherited)",
				);
				GCC_WARN_64_TO_32_BIT_CONVERSION = YES;
				GCC_WARN_ABOUT_RETURN_TYPE = YES_ERROR;
				GCC_WARN_UNDECLARED_SELECTOR = YES;
				GCC_WARN_UNINITIALIZED_AUTOS = YES_AGGRESSIVE;
				GCC_WARN_UNUSED_FUNCTION = YES;
				GCC_WARN_UNUSED_VARIABLE = YES;
				IPHONEOS_DEPLOYMENT_TARGET = 11.2;
				MTL_ENABLE_DEBUG_INFO = YES;
				ONLY_ACTIVE_ARCH = YES;
				SDKROOT = iphoneos;
				SWIFT_ACTIVE_COMPILATION_CONDITIONS = DEBUG;
				SWIFT_OPTIMIZATION_LEVEL = "-Onone";
			};
			name = Debug;
		};
		A543E2D720644B2E003B0EE3 /* Release */ = {
			isa = XCBuildConfiguration;
			buildSettings = {
				ALWAYS_SEARCH_USER_PATHS = NO;
				CLANG_ANALYZER_NONNULL = YES;
				CLANG_ANALYZER_NUMBER_OBJECT_CONVERSION = YES_AGGRESSIVE;
				CLANG_CXX_LANGUAGE_STANDARD = "gnu++14";
				CLANG_CXX_LIBRARY = "libc++";
				CLANG_ENABLE_MODULES = YES;
				CLANG_ENABLE_OBJC_ARC = YES;
				CLANG_WARN_BLOCK_CAPTURE_AUTORELEASING = YES;
				CLANG_WARN_BOOL_CONVERSION = YES;
				CLANG_WARN_COMMA = YES;
				CLANG_WARN_CONSTANT_CONVERSION = YES;
				CLANG_WARN_DIRECT_OBJC_ISA_USAGE = YES_ERROR;
				CLANG_WARN_DOCUMENTATION_COMMENTS = YES;
				CLANG_WARN_EMPTY_BODY = YES;
				CLANG_WARN_ENUM_CONVERSION = YES;
				CLANG_WARN_INFINITE_RECURSION = YES;
				CLANG_WARN_INT_CONVERSION = YES;
				CLANG_WARN_NON_LITERAL_NULL_CONVERSION = YES;
				CLANG_WARN_OBJC_LITERAL_CONVERSION = YES;
				CLANG_WARN_OBJC_ROOT_CLASS = YES_ERROR;
				CLANG_WARN_RANGE_LOOP_ANALYSIS = YES;
				CLANG_WARN_STRICT_PROTOTYPES = YES;
				CLANG_WARN_SUSPICIOUS_MOVE = YES;
				CLANG_WARN_UNGUARDED_AVAILABILITY = YES_AGGRESSIVE;
				CLANG_WARN_UNREACHABLE_CODE = YES;
				CLANG_WARN__DUPLICATE_METHOD_MATCH = YES;
				CODE_SIGN_IDENTITY = "iPhone Developer";
				COPY_PHASE_STRIP = NO;
				DEBUG_INFORMATION_FORMAT = "dwarf-with-dsym";
				ENABLE_NS_ASSERTIONS = NO;
				ENABLE_STRICT_OBJC_MSGSEND = YES;
				GCC_C_LANGUAGE_STANDARD = gnu11;
				GCC_NO_COMMON_BLOCKS = YES;
				GCC_WARN_64_TO_32_BIT_CONVERSION = YES;
				GCC_WARN_ABOUT_RETURN_TYPE = YES_ERROR;
				GCC_WARN_UNDECLARED_SELECTOR = YES;
				GCC_WARN_UNINITIALIZED_AUTOS = YES_AGGRESSIVE;
				GCC_WARN_UNUSED_FUNCTION = YES;
				GCC_WARN_UNUSED_VARIABLE = YES;
				IPHONEOS_DEPLOYMENT_TARGET = 11.2;
				MTL_ENABLE_DEBUG_INFO = NO;
				SDKROOT = iphoneos;
				SWIFT_OPTIMIZATION_LEVEL = "-Owholemodule";
				VALIDATE_PRODUCT = YES;
			};
			name = Release;
		};
		A543E2D920644B2E003B0EE3 /* Debug */ = {
			isa = XCBuildConfiguration;
			buildSettings = {
				ASSETCATALOG_COMPILER_APPICON_NAME = AppIcon;
				ASSETCATALOG_WARNINGS = NO;
				CLANG_WARN_BLOCK_CAPTURE_AUTORELEASING = YES_ERROR;
				CODE_SIGN_STYLE = Automatic;
				GCC_WARN_64_TO_32_BIT_CONVERSION = YES_ERROR;
				IBSC_WARNINGS = NO;
				INFOPLIST_FILE = rest_api_test/Info.plist;
				LD_RUNPATH_SEARCH_PATHS = "$(inherited) @executable_path/Frameworks";
				PRODUCT_BUNDLE_IDENTIFIER = "test.rest-api-test";
				PRODUCT_NAME = "$(TARGET_NAME)";
				SWIFT_SUPPRESS_WARNINGS = YES;
				SWIFT_TREAT_WARNINGS_AS_ERRORS = NO;
				SWIFT_VERSION = 4.0;
				TARGETED_DEVICE_FAMILY = "1,2";
			};
			name = Debug;
		};
		A543E2DA20644B2E003B0EE3 /* Release */ = {
			isa = XCBuildConfiguration;
			buildSettings = {
				ASSETCATALOG_COMPILER_APPICON_NAME = AppIcon;
				ASSETCATALOG_WARNINGS = NO;
				CLANG_WARN_BLOCK_CAPTURE_AUTORELEASING = YES_ERROR;
				CODE_SIGN_STYLE = Automatic;
				GCC_WARN_64_TO_32_BIT_CONVERSION = YES_ERROR;
				IBSC_WARNINGS = NO;
				INFOPLIST_FILE = rest_api_test/Info.plist;
				LD_RUNPATH_SEARCH_PATHS = "$(inherited) @executable_path/Frameworks";
				PRODUCT_BUNDLE_IDENTIFIER = "test.rest-api-test";
				PRODUCT_NAME = "$(TARGET_NAME)";
				SWIFT_SUPPRESS_WARNINGS = YES;
				SWIFT_TREAT_WARNINGS_AS_ERRORS = NO;
				SWIFT_VERSION = 4.0;
				TARGETED_DEVICE_FAMILY = "1,2";
			};
			name = Release;
		};
/* End XCBuildConfiguration section */

/* Begin XCConfigurationList section */
		A543E2C120644B2E003B0EE3 /* Build configuration list for PBXProject "rest_api_test" */ = {
			isa = XCConfigurationList;
			buildConfigurations = (
				A543E2D620644B2E003B0EE3 /* Debug */,
				A543E2D720644B2E003B0EE3 /* Release */,
			);
			defaultConfigurationIsVisible = 0;
			defaultConfigurationName = Release;
		};
		A543E2D820644B2E003B0EE3 /* Build configuration list for PBXNativeTarget "rest_api_test" */ = {
			isa = XCConfigurationList;
			buildConfigurations = (
				A543E2D920644B2E003B0EE3 /* Debug */,
				A543E2DA20644B2E003B0EE3 /* Release */,
			);
			defaultConfigurationIsVisible = 0;
			defaultConfigurationName = Release;
		};
/* End XCConfigurationList section */
	};
	rootObject = A543E2BE20644B2E003B0EE3 /* Project object */;
}
